Microsoft Visual Studio Solution File, Format Version 12.00
# Visual Studio 2012
Project("{FAE04EC0-301F-11D3-BF4B-00C04F79EFBC}") = "DialogBox", "DialogBox.csproj", "{8D22CE42-9EED-4CD5-BC9F-C6CD594550DD}"
EndProject
Global
	GlobalSection(SolutionConfigurationPlatforms) = preSolution
	Debug|Any CPU = Debug|Any CPU
	Release|Any CPU = Release|Any CPU
	Tools|Any CPU = Tools|Any CPU
	EndGlobalSection
	GlobalSection(ProjectConfigurationPlatforms) = postSolution
		{8D22CE42-9EED-4CD5-BC9F-C6CD594550DD}.Debug|Any CPU.ActiveCfg = Debug|Any CPU
		{8D22CE42-9EED-4CD5-BC9F-C6CD594550DD}.Debug|Any CPU.Build.0 = Debug|Any CPU
		{8D22CE42-9EED-4CD5-BC9F-C6CD594550DD}.Release|Any CPU.ActiveCfg = Release|Any CPU
		{8D22CE42-9EED-4CD5-BC9F-C6CD594550DD}.Release|Any CPU.Build.0 = Release|Any CPU
		{8D22CE42-9EED-4CD5-BC9F-C6CD594550DD}.Tools|Any CPU.ActiveCfg = Tools|Any CPU
		{8D22CE42-9EED-4CD5-BC9F-C6CD594550DD}.Tools|Any CPU.Build.0 = Tools|Any CPU
	EndGlobalSection
EndGlobal
